
Microsoft Visual Studio Solution File, Format Version 12.00
# Visual Studio 15
VisualStudioVersion = 15.0.28307.902
MinimumVisualStudioVersion = 10.0.40219.1
Project("{8BC9CEB8-8B4A-11D0-8D11-00A0C91BC942}") = "NumericalDifferentation", "NumericalDifferentation\NumericalDifferentation.vcxproj", "{AF92E3E0-8210-409E-9206-63EC01DBB85D}"
EndProject
Global
	GlobalSection(SolutionConfigurationPlatforms) = preSolution
		Debug|x64 = Debug|x64
		Debug|x86 = Debug|x86
		Release|x64 = Release|x64
		Release|x86 = Release|x86
	EndGlobalSection
	GlobalSection(ProjectConfigurationPlatforms) = postSolution
		{AF92E3E0-8210-409E-9206-63EC01DBB85D}.Debug|x64.ActiveCfg = Debug|x64
		{AF92E3E0-8210-409E-9206-63EC01DBB85D}.Debug|x64.Build.0 = Debug|x64
		{AF92E3E0-8210-409E-9206-63EC01DBB85D}.Debug|x86.ActiveCfg = Debug|Win32
		{AF92E3E0-8210-409E-9206-63EC01DBB85D}.Debug|x86.Build.0 = Debug|Win32
		{AF92E3E0-8210-409E-9206-63EC01DBB85D}.Release|x64.ActiveCfg = Release|x64
		{AF92E3E0-8210-409E-9206-63EC01DBB85D}.Release|x64.Build.0 = Release|x64
		{AF92E3E0-8210-409E-9206-63EC01DBB85D}.Release|x86.ActiveCfg = Release|Win32
		{AF92E3E0-8210-409E-9206-63EC01DBB85D}.Release|x86.Build.0 = Release|Win32
	EndGlobalSection
	GlobalSection(SolutionProperties) = preSolution
		HideSolutionNode = FALSE
	EndGlobalSection
	GlobalSection(ExtensibilityGlobals) = postSolution
		SolutionGuid = {7CB07637-6C40-443B-ABDE-7B06243E5F22}
	EndGlobalSection
EndGlobal
